
Microsoft Visual Studio Solution File, Format Version 12.00
# Visual Studio Version 17
VisualStudioVersion = 17.8.34322.80
MinimumVisualStudioVersion = 10.0.40219.1
Project("{FAE04EC0-301F-11D3-BF4B-00C04F79EFBC}") = "WebApplication1", "WebApplication1\WebApplication1.csproj", "{30066C68-CFF6-424E-BA75-C75E4AA96D92}"
EndProject
Global
	GlobalSection(SolutionConfigurationPlatforms) = preSolution
		Debug|Any CPU = Debug|Any CPU
		Release|Any CPU = Release|Any CPU
	EndGlobalSection
	GlobalSection(ProjectConfigurationPlatforms) = postSolution
		{30066C68-CFF6-424E-BA75-C75E4AA96D92}.Debug|Any CPU.ActiveCfg = Debug|Any CPU
		{30066C68-CFF6-424E-BA75-C75E4AA96D92}.Debug|Any CPU.Build.0 = Debug|Any CPU
		{30066C68-CFF6-424E-BA75-C75E4AA96D92}.Release|Any CPU.ActiveCfg = Release|Any CPU
		{30066C68-CFF6-424E-BA75-C75E4AA96D92}.Release|Any CPU.Build.0 = Release|Any CPU
	EndGlobalSection
	GlobalSection(SolutionProperties) = preSolution
		HideSolutionNode = FALSE
	EndGlobalSection
	GlobalSection(ExtensibilityGlobals) = postSolution
		SolutionGuid = {532AC9B2-1C3C-4989-8064-F1FD64238D24}
	EndGlobalSection
EndGlobal
